# This file is machine-generated by `gh actions-lock`.
# Do not edit by hand; run `gh actions-lock` to update.
# Docs: https://gh.io/actions-lockfile
version: 'v0.0.2'
workflows:
    '.github/workflows/mirror.yml':
        - 'actions/checkout@3d3c42e5aac5ba805825da76410c181273ba90b1'
        - 'webfactory/ssh-agent@e83874834305fe9a4a2997156cb26c5de65a8555'
    '.github/workflows/publish-container.yml':
        - 'actions/attest-build-provenance@4d101475d8b20a2381f78447822ac1eab6504dd8'
        - 'actions/checkout@3d3c42e5aac5ba805825da76410c181273ba90b1'
        - 'docker/build-push-action@c3c9e263c25d99ce0380d002d59b67737d91b0dc'
        - 'docker/login-action@dbcb813823bdd20940b903addbd779551569679f'
        - 'docker/metadata-action@dc802804100637a589fabce1cb79ff13a1411302'
    '.github/workflows/push-email-notify.yml':
        - 'hyperpolymath/smtp-notify-action@22e7bdb322c430c1d0dac6b3bb307f4bb139d0be'
dependencies:
    'actions/attest-build-provenance@4d101475d8b20a2381f78447822ac1eab6504dd8':
        ref: 'v4.2.2'
        commit: 'sha1-4d101475d8b20a2381f78447822ac1eab6504dd8'
        owner_id: 44036562
        repo_id: 760702757
        uses:
            - 'actions/attest@508db95dd578ae2727ebd6217d5ba78e4fbda05d'
    'actions/attest@508db95dd578ae2727ebd6217d5ba78e4fbda05d':
        ref: 'v4.2.1'
        commit: 'sha1-508db95dd578ae2727ebd6217d5ba78e4fbda05d'
        owner_id: 44036562
        repo_id: 760701061
    'actions/checkout@3d3c42e5aac5ba805825da76410c181273ba90b1':
        ref: 'v7.0.1'
        commit: 'sha1-3d3c42e5aac5ba805825da76410c181273ba90b1'
        owner_id: 44036562
        repo_id: 197814629
    'docker/build-push-action@c3c9e263c25d99ce0380d002d59b67737d91b0dc':
        ref: 'v7.4.0'
        commit: 'sha1-c3c9e263c25d99ce0380d002d59b67737d91b0dc'
        owner_id: 5429470
        repo_id: 241092383
    'docker/login-action@dbcb813823bdd20940b903addbd779551569679f':
        ref: 'v4.6.0'
        commit: 'sha1-dbcb813823bdd20940b903addbd779551569679f'
        owner_id: 5429470
        repo_id: 287743349
    'docker/metadata-action@dc802804100637a589fabce1cb79ff13a1411302':
        ref: 'v6.2.0'
        commit: 'sha1-dc802804100637a589fabce1cb79ff13a1411302'
        owner_id: 5429470
        repo_id: 306769011
    'hyperpolymath/smtp-notify-action@22e7bdb322c430c1d0dac6b3bb307f4bb139d0be':
        ref: 'v0.3.0'
        commit: 'sha1-22e7bdb322c430c1d0dac6b3bb307f4bb139d0be'
        owner_id: 6759885
        repo_id: 1352485172
    'webfactory/ssh-agent@e83874834305fe9a4a2997156cb26c5de65a8555':
        ref: 'v0.10.0'
        commit: 'sha1-e83874834305fe9a4a2997156cb26c5de65a8555'
        owner_id: 135788
        repo_id: 208510314
